
Microsoft Visual Studio Solution File, Format Version 12.00
# Visual Studio Version 17
VisualStudioVersion = 17.10.34804.81
MinimumVisualStudioVersion = 10.0.40219.1
Project("{FAE04EC0-301F-11D3-BF4B-00C04F79EFBC}") = "Docker.Lab", "Z:\Docker.Lab\Docker.Lab\Docker.Lab.csproj", "{E3FDEACA-4FA5-4B5F-A3B8-A32AA0C9507D}"
EndProject
Global
	GlobalSection(SolutionConfigurationPlatforms) = preSolution
		Debug|Any CPU = Debug|Any CPU
		Release|Any CPU = Release|Any CPU
	EndGlobalSection
	GlobalSection(ProjectConfigurationPlatforms) = postSolution
		{E3FDEACA-4FA5-4B5F-A3B8-A32AA0C9507D}.Debug|Any CPU.ActiveCfg = Debug|Any CPU
		{E3FDEACA-4FA5-4B5F-A3B8-A32AA0C9507D}.Debug|Any CPU.Build.0 = Debug|Any CPU
		{E3FDEACA-4FA5-4B5F-A3B8-A32AA0C9507D}.Release|Any CPU.ActiveCfg = Release|Any CPU
		{E3FDEACA-4FA5-4B5F-A3B8-A32AA0C9507D}.Release|Any CPU.Build.0 = Release|Any CPU
	EndGlobalSection
	GlobalSection(SolutionProperties) = preSolution
		HideSolutionNode = FALSE
	EndGlobalSection
	GlobalSection(ExtensibilityGlobals) = postSolution
		SolutionGuid = {245101D7-5C05-4C2A-8EDF-5BFE8C2A47BC}
	EndGlobalSection
EndGlobal
